
Microsoft Visual Studio Solution File, Format Version 12.00
# Visual Studio 15
VisualStudioVersion = 15.0.28307.102
MinimumVisualStudioVersion = 10.0.40219.1
Project("{9A19103F-16F7-4668-BE54-9A1E7A4F7556}") = "AsyncEnumeration.Abstractions", "Code\AsyncEnumeration.Abstractions\AsyncEnumeration.Abstractions.csproj", "{3668ED21-4578-4432-8350-95705C9E2A40}"
EndProject
Project("{9A19103F-16F7-4668-BE54-9A1E7A4F7556}") = "AsyncEnumeration.Implementation.Enumerable", "Code\AsyncEnumeration.Implementation.Enumerable\AsyncEnumeration.Implementation.Enumerable.csproj", "{11AAA24C-11BC-46E6-BB14-6F91591EF688}"
EndProject
Project("{9A19103F-16F7-4668-BE54-9A1E7A4F7556}") = "AsyncEnumeration.Implementation.Provider", "Code\AsyncEnumeration.Implementation.Provider\AsyncEnumeration.Implementation.Provider.csproj", "{6A910269-5C7B-402E-8B7C-9E083D81F7FA}"
EndProject
Project("{9A19103F-16F7-4668-BE54-9A1E7A4F7556}") = "AsyncEnumeration.Observability", "Code\AsyncEnumeration.Observability\AsyncEnumeration.Observability.csproj", "{A1928B28-0B97-4334-85B6-A75366DB7E01}"
EndProject
Project("{9A19103F-16F7-4668-BE54-9A1E7A4F7556}") = "Tests.AsyncEnumeration.Implementation", "Tests\Tests.AsyncEnumeration.Implementation\Tests.AsyncEnumeration.Implementation.csproj", "{C6CEF639-9B46-4F3A-B08F-C0FC89FF503A}"
EndProject
Global
	GlobalSection(SolutionConfigurationPlatforms) = preSolution
		Debug|Any CPU = Debug|Any CPU
		Release|Any CPU = Release|Any CPU
	EndGlobalSection
	GlobalSection(ProjectConfigurationPlatforms) = postSolution
		{3668ED21-4578-4432-8350-95705C9E2A40}.Debug|Any CPU.ActiveCfg = Debug|Any CPU
		{3668ED21-4578-4432-8350-95705C9E2A40}.Debug|Any CPU.Build.0 = Debug|Any CPU
		{3668ED21-4578-4432-8350-95705C9E2A40}.Release|Any CPU.ActiveCfg = Release|Any CPU
		{3668ED21-4578-4432-8350-95705C9E2A40}.Release|Any CPU.Build.0 = Release|Any CPU
		{11AAA24C-11BC-46E6-BB14-6F91591EF688}.Debug|Any CPU.ActiveCfg = Debug|Any CPU
		{11AAA24C-11BC-46E6-BB14-6F91591EF688}.Debug|Any CPU.Build.0 = Debug|Any CPU
		{11AAA24C-11BC-46E6-BB14-6F91591EF688}.Release|Any CPU.ActiveCfg = Release|Any CPU
		{11AAA24C-11BC-46E6-BB14-6F91591EF688}.Release|Any CPU.Build.0 = Release|Any CPU
		{6A910269-5C7B-402E-8B7C-9E083D81F7FA}.Debug|Any CPU.ActiveCfg = Debug|Any CPU
		{6A910269-5C7B-402E-8B7C-9E083D81F7FA}.Debug|Any CPU.Build.0 = Debug|Any CPU
		{6A910269-5C7B-402E-8B7C-9E083D81F7FA}.Release|Any CPU.ActiveCfg = Release|Any CPU
		{6A910269-5C7B-402E-8B7C-9E083D81F7FA}.Release|Any CPU.Build.0 = Release|Any CPU
		{A1928B28-0B97-4334-85B6-A75366DB7E01}.Debug|Any CPU.ActiveCfg = Debug|Any CPU
		{A1928B28-0B97-4334-85B6-A75366DB7E01}.Debug|Any CPU.Build.0 = Debug|Any CPU
		{A1928B28-0B97-4334-85B6-A75366DB7E01}.Release|Any CPU.ActiveCfg = Release|Any CPU
		{A1928B28-0B97-4334-85B6-A75366DB7E01}.Release|Any CPU.Build.0 = Release|Any CPU
		{C6CEF639-9B46-4F3A-B08F-C0FC89FF503A}.Debug|Any CPU.ActiveCfg = Debug|Any CPU
		{C6CEF639-9B46-4F3A-B08F-C0FC89FF503A}.Debug|Any CPU.Build.0 = Debug|Any CPU
		{C6CEF639-9B46-4F3A-B08F-C0FC89FF503A}.Release|Any CPU.ActiveCfg = Release|Any CPU
		{C6CEF639-9B46-4F3A-B08F-C0FC89FF503A}.Release|Any CPU.Build.0 = Release|Any CPU
	EndGlobalSection
	GlobalSection(SolutionProperties) = preSolution
		HideSolutionNode = FALSE
	EndGlobalSection
	GlobalSection(ExtensibilityGlobals) = postSolution
		SolutionGuid = {2B770787-2F2C-44D8-B52A-8DB208A4871B}
	EndGlobalSection
EndGlobal
